
Microsoft Visual Studio Solution File, Format Version 12.00
# Visual Studio Version 16
VisualStudioVersion = 16.0.30002.166
MinimumVisualStudioVersion = 10.0.40219.1
Project("{9A19103F-16F7-4668-BE54-9A1E7A4F7556}") = "TemperatureHub", "TemperatureHub.csproj", "{525C93B0-145F-4925-9113-A0E9C488BC4D}"
EndProject
Global
	GlobalSection(SolutionConfigurationPlatforms) = preSolution
		Debug|Any CPU = Debug|Any CPU
		Release|Any CPU = Release|Any CPU
	EndGlobalSection
	GlobalSection(ProjectConfigurationPlatforms) = postSolution
		{525C93B0-145F-4925-9113-A0E9C488BC4D}.Debug|Any CPU.ActiveCfg = Debug|Any CPU
		{525C93B0-145F-4925-9113-A0E9C488BC4D}.Debug|Any CPU.Build.0 = Debug|Any CPU
		{525C93B0-145F-4925-9113-A0E9C488BC4D}.Release|Any CPU.ActiveCfg = Release|Any CPU
		{525C93B0-145F-4925-9113-A0E9C488BC4D}.Release|Any CPU.Build.0 = Release|Any CPU
	EndGlobalSection
	GlobalSection(SolutionProperties) = preSolution
		HideSolutionNode = FALSE
	EndGlobalSection
	GlobalSection(ExtensibilityGlobals) = postSolution
		SolutionGuid = {05D87975-5382-4117-8A58-0F6A2119E4F0}
	EndGlobalSection
EndGlobal
